
Microsoft Visual Studio Solution File, Format Version 12.00
# Visual Studio Version 16
VisualStudioVersion = 16.0.29306.81
MinimumVisualStudioVersion = 10.0.40219.1
Project("{8BC9CEB8-8B4A-11D0-8D11-00A0C91BC942}") = "Bio1", "Bio1\Bio1.vcxproj", "{B075D70B-A660-43D2-A2C3-232E2CD7E9E2}"
EndProject
Global
	GlobalSection(SolutionConfigurationPlatforms) = preSolution
		Debug|x64 = Debug|x64
		Debug|x86 = Debug|x86
		Release|x64 = Release|x64
		Release|x86 = Release|x86
	EndGlobalSection
	GlobalSection(ProjectConfigurationPlatforms) = postSolution
		{B075D70B-A660-43D2-A2C3-232E2CD7E9E2}.Debug|x64.ActiveCfg = Debug|x64
		{B075D70B-A660-43D2-A2C3-232E2CD7E9E2}.Debug|x64.Build.0 = Debug|x64
		{B075D70B-A660-43D2-A2C3-232E2CD7E9E2}.Debug|x86.ActiveCfg = Debug|Win32
		{B075D70B-A660-43D2-A2C3-232E2CD7E9E2}.Debug|x86.Build.0 = Debug|Win32
		{B075D70B-A660-43D2-A2C3-232E2CD7E9E2}.Release|x64.ActiveCfg = Release|x64
		{B075D70B-A660-43D2-A2C3-232E2CD7E9E2}.Release|x64.Build.0 = Release|x64
		{B075D70B-A660-43D2-A2C3-232E2CD7E9E2}.Release|x86.ActiveCfg = Release|Win32
		{B075D70B-A660-43D2-A2C3-232E2CD7E9E2}.Release|x86.Build.0 = Release|Win32
	EndGlobalSection
	GlobalSection(SolutionProperties) = preSolution
		HideSolutionNode = FALSE
	EndGlobalSection
	GlobalSection(ExtensibilityGlobals) = postSolution
		SolutionGuid = {FB0BB4AD-1888-4C4F-B5C9-3423C3BD2C11}
	EndGlobalSection
EndGlobal
